
Microsoft Visual Studio Solution File, Format Version 12.00
# Visual Studio Version 17
VisualStudioVersion = 17.4.33122.133
MinimumVisualStudioVersion = 10.0.40219.1
Project("{FAE04EC0-301F-11D3-BF4B-00C04F79EFBC}") = "FinalProject_IliaB", "FinalProject_IliaB\FinalProject_IliaB.csproj", "{48AC7369-06FF-4A07-82B0-93D4B73A83CC}"
EndProject
Global
	GlobalSection(SolutionConfigurationPlatforms) = preSolution
		Debug|Any CPU = Debug|Any CPU
		Release|Any CPU = Release|Any CPU
	EndGlobalSection
	GlobalSection(ProjectConfigurationPlatforms) = postSolution
		{48AC7369-06FF-4A07-82B0-93D4B73A83CC}.Debug|Any CPU.ActiveCfg = Debug|Any CPU
		{48AC7369-06FF-4A07-82B0-93D4B73A83CC}.Debug|Any CPU.Build.0 = Debug|Any CPU
		{48AC7369-06FF-4A07-82B0-93D4B73A83CC}.Release|Any CPU.ActiveCfg = Release|Any CPU
		{48AC7369-06FF-4A07-82B0-93D4B73A83CC}.Release|Any CPU.Build.0 = Release|Any CPU
	EndGlobalSection
	GlobalSection(SolutionProperties) = preSolution
		HideSolutionNode = FALSE
	EndGlobalSection
	GlobalSection(ExtensibilityGlobals) = postSolution
		SolutionGuid = {79068A49-437D-4514-BE57-7AFD09B8AAFB}
	EndGlobalSection
EndGlobal
